
Microsoft Visual Studio Solution File, Format Version 12.00
# Visual Studio Version 16
VisualStudioVersion = 16.0.31004.235
MinimumVisualStudioVersion = 10.0.40219.1
Project("{8BC9CEB8-8B4A-11D0-8D11-00A0C91BC942}") = "dss", "dss.vcxproj", "{CA0DC040-BCB7-4047-899B-57C6B18C48C2}"
EndProject
Project("{8BC9CEB8-8B4A-11D0-8D11-00A0C91BC942}") = "makelump", "..\makelump\makelump.vcxproj", "{2CA81763-05DA-4F08-B30D-7BE56BD60201}"
EndProject
Project("{8BC9CEB8-8B4A-11D0-8D11-00A0C91BC942}") = "get_dss", "..\get_dss\get_dss.vcxproj", "{AD79909F-AFFE-4FB5-AE74-AA24CCBF1624}"
	ProjectSection(ProjectDependencies) = postProject
		{CA0DC040-BCB7-4047-899B-57C6B18C48C2} = {CA0DC040-BCB7-4047-899B-57C6B18C48C2}
	EndProjectSection
EndProject
Global
	GlobalSection(SolutionConfigurationPlatforms) = preSolution
		Debug|x64 = Debug|x64
		Debug|x86 = Debug|x86
		Release|x64 = Release|x64
		Release|x86 = Release|x86
	EndGlobalSection
	GlobalSection(ProjectConfigurationPlatforms) = postSolution
		{CA0DC040-BCB7-4047-899B-57C6B18C48C2}.Debug|x64.ActiveCfg = Debug|x64
		{CA0DC040-BCB7-4047-899B-57C6B18C48C2}.Debug|x64.Build.0 = Debug|x64
		{CA0DC040-BCB7-4047-899B-57C6B18C48C2}.Debug|x86.ActiveCfg = Debug|Win32
		{CA0DC040-BCB7-4047-899B-57C6B18C48C2}.Debug|x86.Build.0 = Debug|Win32
		{CA0DC040-BCB7-4047-899B-57C6B18C48C2}.Release|x64.ActiveCfg = Release|x64
		{CA0DC040-BCB7-4047-899B-57C6B18C48C2}.Release|x64.Build.0 = Release|x64
		{CA0DC040-BCB7-4047-899B-57C6B18C48C2}.Release|x86.ActiveCfg = Release|Win32
		{CA0DC040-BCB7-4047-899B-57C6B18C48C2}.Release|x86.Build.0 = Release|Win32
		{2CA81763-05DA-4F08-B30D-7BE56BD60201}.Debug|x64.ActiveCfg = Debug|x64
		{2CA81763-05DA-4F08-B30D-7BE56BD60201}.Debug|x64.Build.0 = Debug|x64
		{2CA81763-05DA-4F08-B30D-7BE56BD60201}.Debug|x86.ActiveCfg = Debug|Win32
		{2CA81763-05DA-4F08-B30D-7BE56BD60201}.Debug|x86.Build.0 = Debug|Win32
		{2CA81763-05DA-4F08-B30D-7BE56BD60201}.Release|x64.ActiveCfg = Release|x64
		{2CA81763-05DA-4F08-B30D-7BE56BD60201}.Release|x64.Build.0 = Release|x64
		{2CA81763-05DA-4F08-B30D-7BE56BD60201}.Release|x86.ActiveCfg = Release|Win32
		{2CA81763-05DA-4F08-B30D-7BE56BD60201}.Release|x86.Build.0 = Release|Win32
		{AD79909F-AFFE-4FB5-AE74-AA24CCBF1624}.Debug|x64.ActiveCfg = Debug|x64
		{AD79909F-AFFE-4FB5-AE74-AA24CCBF1624}.Debug|x64.Build.0 = Debug|x64
		{AD79909F-AFFE-4FB5-AE74-AA24CCBF1624}.Debug|x86.ActiveCfg = Debug|Win32
		{AD79909F-AFFE-4FB5-AE74-AA24CCBF1624}.Debug|x86.Build.0 = Debug|Win32
		{AD79909F-AFFE-4FB5-AE74-AA24CCBF1624}.Release|x64.ActiveCfg = Release|x64
		{AD79909F-AFFE-4FB5-AE74-AA24CCBF1624}.Release|x64.Build.0 = Release|x64
		{AD79909F-AFFE-4FB5-AE74-AA24CCBF1624}.Release|x86.ActiveCfg = Release|Win32
		{AD79909F-AFFE-4FB5-AE74-AA24CCBF1624}.Release|x86.Build.0 = Release|Win32
	EndGlobalSection
	GlobalSection(SolutionProperties) = preSolution
		HideSolutionNode = FALSE
	EndGlobalSection
	GlobalSection(ExtensibilityGlobals) = postSolution
		SolutionGuid = {0A47B747-733D-427B-8CBF-DB306148526B}
	EndGlobalSection
EndGlobal
